
Microsoft Visual Studio Solution File, Format Version 12.00
# Visual Studio Version 16
VisualStudioVersion = 16.0.30330.147
MinimumVisualStudioVersion = 10.0.40219.1
Project("{FAE04EC0-301F-11D3-BF4B-00C04F79EFBC}") = "Gabos recruitment-test web app", "Gabos recruitment test app\Gabos recruitment-test web app.csproj", "{F3AA4918-7455-4099-9E07-2E469651CA24}"
EndProject
Global
	GlobalSection(SolutionConfigurationPlatforms) = preSolution
		Debug|Any CPU = Debug|Any CPU
		Release|Any CPU = Release|Any CPU
	EndGlobalSection
	GlobalSection(ProjectConfigurationPlatforms) = postSolution
		{F3AA4918-7455-4099-9E07-2E469651CA24}.Debug|Any CPU.ActiveCfg = Debug|Any CPU
		{F3AA4918-7455-4099-9E07-2E469651CA24}.Debug|Any CPU.Build.0 = Debug|Any CPU
		{F3AA4918-7455-4099-9E07-2E469651CA24}.Release|Any CPU.ActiveCfg = Release|Any CPU
		{F3AA4918-7455-4099-9E07-2E469651CA24}.Release|Any CPU.Build.0 = Release|Any CPU
	EndGlobalSection
	GlobalSection(SolutionProperties) = preSolution
		HideSolutionNode = FALSE
	EndGlobalSection
	GlobalSection(ExtensibilityGlobals) = postSolution
		SolutionGuid = {1625F8FD-C881-4415-9297-A2F3A3BB3BA9}
	EndGlobalSection
EndGlobal
